
Microsoft Visual Studio Solution File, Format Version 12.00
# Visual Studio Version 17
VisualStudioVersion = 17.8.34330.188
MinimumVisualStudioVersion = 10.0.40219.1
Project("{FAE04EC0-301F-11D3-BF4B-00C04F79EFBC}") = "Otus.Events", "Otus.Events\Otus.Events.csproj", "{B9580460-7620-48E7-AA58-5D8496287B7F}"
EndProject
Global
	GlobalSection(SolutionConfigurationPlatforms) = preSolution
		Debug|Any CPU = Debug|Any CPU
		Release|Any CPU = Release|Any CPU
	EndGlobalSection
	GlobalSection(ProjectConfigurationPlatforms) = postSolution
		{B9580460-7620-48E7-AA58-5D8496287B7F}.Debug|Any CPU.ActiveCfg = Debug|Any CPU
		{B9580460-7620-48E7-AA58-5D8496287B7F}.Debug|Any CPU.Build.0 = Debug|Any CPU
		{B9580460-7620-48E7-AA58-5D8496287B7F}.Release|Any CPU.ActiveCfg = Release|Any CPU
		{B9580460-7620-48E7-AA58-5D8496287B7F}.Release|Any CPU.Build.0 = Release|Any CPU
	EndGlobalSection
	GlobalSection(SolutionProperties) = preSolution
		HideSolutionNode = FALSE
	EndGlobalSection
	GlobalSection(ExtensibilityGlobals) = postSolution
		SolutionGuid = {7350D618-316E-4305-8FB4-C2ADB2DF5CAE}
	EndGlobalSection
EndGlobal
